// !$*UTF8*$!
{
	archiveVersion = 1;
	classes = {
	};
	objectVersion = 56;
	objects = {

/* Begin PBXBuildFile section */
		F1DA8D32296DBA8700BF3F1C /* Country_Flag_QuizApp.swift in Sources */ = {isa = PBXBuildFile; fileRef = F1DA8D31296DBA8700BF3F1C /* Country_Flag_QuizApp.swift */; };
		F1DA8D34296DBA8700BF3F1C /* ContentView.swift in Sources */ = {isa = PBXBuildFile; fileRef = F1DA8D33296DBA8700BF3F1C /* ContentView.swift */; };
		F1DA8D36296DBA8800BF3F1C /* Assets.xcassets in Resources */ = {isa = PBXBuildFile; fileRef = F1DA8D35296DBA8800BF3F1C /* Assets.xcassets */; };
		F1DA8D39296DBA8800BF3F1C /* Preview Assets.xcassets in Resources */ = {isa = PBXBuildFile; fileRef = F1DA8D38296DBA8800BF3F1C /* Preview Assets.xcassets */; };
		F1DA8D43296DBA8800BF3F1C /* Country_Flag_QuizTests.swift in Sources */ = {isa = PBXBuildFile; fileRef = F1DA8D42296DBA8800BF3F1C /* Country_Flag_QuizTests.swift */; };
		F1DA8D4D296DBA8800BF3F1C /* Country_Flag_QuizUITests.swift in Sources */ = {isa = PBXBuildFile; fileRef = F1DA8D4C296DBA8800BF3F1C /* Country_Flag_QuizUITests.swift */; };
		F1DA8D4F296DBA8800BF3F1C /* Country_Flag_QuizUITestsLaunchTests.swift in Sources */ = {isa = PBXBuildFile; fileRef = F1DA8D4E296DBA8800BF3F1C /* Country_Flag_QuizUITestsLaunchTests.swift */; };
		F1DA8D5F296DBB4600BF3F1C /* Question.swift in Sources */ = {isa = PBXBuildFile; fileRef = F1DA8D5E296DBB4600BF3F1C /* Question.swift */; };
		F1DA8D61296DBBCC00BF3F1C /* CustomButton.swift in Sources */ = {isa = PBXBuildFile; fileRef = F1DA8D60296DBBCC00BF3F1C /* CustomButton.swift */; };
		F1DA8D63296DBCE900BF3F1C /* ProgressBar.swift in Sources */ = {isa = PBXBuildFile; fileRef = F1DA8D62296DBCE900BF3F1C /* ProgressBar.swift */; };
		F1DA8D65296DBDA600BF3F1C /* AnswerRow.swift in Sources */ = {isa = PBXBuildFile; fileRef = F1DA8D64296DBDA600BF3F1C /* AnswerRow.swift */; };
		F1DA8D67296DC06A00BF3F1C /* QuestionView.swift in Sources */ = {isa = PBXBuildFile; fileRef = F1DA8D66296DC06A00BF3F1C /* QuestionView.swift */; };
/* End PBXBuildFile section */

/* Begin PBXContainerItemProxy section */
		F1DA8D3F296DBA8800BF3F1C /* PBXContainerItemProxy */ = {
			isa = PBXContainerItemProxy;
			containerPortal = F1DA8D26296DBA8700BF3F1C /* Project object */;
			proxyType = 1;
			remoteGlobalIDString = F1DA8D2D296DBA8700BF3F1C;
			remoteInfo = "Country Flag Quiz";
		};
		F1DA8D49296DBA8800BF3F1C /* PBXContainerItemProxy */ = {
			isa = PBXContainerItemProxy;
			containerPortal = F1DA8D26296DBA8700BF3F1C /* Project object */;
			proxyType = 1;
			remoteGlobalIDString = F1DA8D2D296DBA8700BF3F1C;
			remoteInfo = "Country Flag Quiz";
		};
/* End PBXContainerItemProxy section */

/* Begin PBXFileReference section */
		F1DA8D2E296DBA8700BF3F1C /* Country Flag Quiz.app */ = {isa = PBXFileReference; explicitFileType = wrapper.application; includeInIndex = 0; path = "Country Flag Quiz.app"; sourceTree = BUILT_PRODUCTS_DIR; };
		F1DA8D31296DBA8700BF3F1C /* Country_Flag_QuizApp.swift */ = {isa = PBXFileReference; lastKnownFileType = sourcecode.swift; path = Country_Flag_QuizApp.swift; sourceTree = "<group>"; };
		F1DA8D33296DBA8700BF3F1C /* ContentView.swift */ = {isa = PBXFileReference; lastKnownFileType = sourcecode.swift; path = ContentView.swift; sourceTree = "<group>"; };
		F1DA8D35296DBA8800BF3F1C /* Assets.xcassets */ = {isa = PBXFileReference; lastKnownFileType = folder.assetcatalog; path = Assets.xcassets; sourceTree = "<group>"; };
		F1DA8D38296DBA8800BF3F1C /* Preview Assets.xcassets */ = {isa = PBXFileReference; lastKnownFileType = folder.assetcatalog; path = "Preview Assets.xcassets"; sourceTree = "<group>"; };
		F1DA8D3E296DBA8800BF3F1C /* Country Flag QuizTests.xctest */ = {isa = PBXFileReference; explicitFileType = wrapper.cfbundle; includeInIndex = 0; path = "Country Flag QuizTests.xctest"; sourceTree = BUILT_PRODUCTS_DIR; };
		F1DA8D42296DBA8800BF3F1C /* Country_Flag_QuizTests.swift */ = {isa = PBXFileReference; lastKnownFileType = sourcecode.swift; path = Country_Flag_QuizTests.swift; sourceTree = "<group>"; };
		F1DA8D48296DBA8800BF3F1C /* Country Flag QuizUITests.xctest */ = {isa = PBXFileReference; explicitFileType = wrapper.cfbundle; includeInIndex = 0; path = "Country Flag QuizUITests.xctest"; sourceTree = BUILT_PRODUCTS_DIR; };
		F1DA8D4C296DBA8800BF3F1C /* Country_Flag_QuizUITests.swift */ = {isa = PBXFileReference; lastKnownFileType = sourcecode.swift; path = Country_Flag_QuizUITests.swift; sourceTree = "<group>"; };
		F1DA8D4E296DBA8800BF3F1C /* Country_Flag_QuizUITestsLaunchTests.swift */ = {isa = PBXFileReference; lastKnownFileType = sourcecode.swift; path = Country_Flag_QuizUITestsLaunchTests.swift; sourceTree = "<group>"; };
		F1DA8D5E296DBB4600BF3F1C /* Question.swift */ = {isa = PBXFileReference; lastKnownFileType = sourcecode.swift; path = Question.swift; sourceTree = "<group>"; };
		F1DA8D60296DBBCC00BF3F1C /* CustomButton.swift */ = {isa = PBXFileReference; lastKnownFileType = sourcecode.swift; path = CustomButton.swift; sourceTree = "<group>"; };
		F1DA8D62296DBCE900BF3F1C /* ProgressBar.swift */ = {isa = PBXFileReference; lastKnownFileType = sourcecode.swift; path = ProgressBar.swift; sourceTree = "<group>"; };
		F1DA8D64296DBDA600BF3F1C /* AnswerRow.swift */ = {isa = PBXFileReference; lastKnownFileType = sourcecode.swift; path = AnswerRow.swift; sourceTree = "<group>"; };
		F1DA8D66296DC06A00BF3F1C /* QuestionView.swift */ = {isa = PBXFileReference; lastKnownFileType = sourcecode.swift; path = QuestionView.swift; sourceTree = "<group>"; };
/* End PBXFileReference section */

/* Begin PBXFrameworksBuildPhase section */
		F1DA8D2B296DBA8700BF3F1C /* Frameworks */ = {
			isa = PBXFrameworksBuildPhase;
			buildActionMask = 2147483647;
			files = (
			);
			runOnlyForDeploymentPostprocessing = 0;
		};
		F1DA8D3B296DBA8800BF3F1C /* Frameworks */ = {
			isa = PBXFrameworksBuildPhase;
			buildActionMask = 2147483647;
			files = (
			);
			runOnlyForDeploymentPostprocessing = 0;
		};
		F1DA8D45296DBA8800BF3F1C /* Frameworks */ = {
			isa = PBXFrameworksBuildPhase;
			buildActionMask = 2147483647;
			files = (
			);
			runOnlyForDeploymentPostprocessing = 0;
		};
/* End PBXFrameworksBuildPhase section */

/* Begin PBXGroup section */
		F1DA8D25296DBA8700BF3F1C = {
			isa = PBXGroup;
			children = (
				F1DA8D30296DBA8700BF3F1C /* Country Flag Quiz */,
				F1DA8D41296DBA8800BF3F1C /* Country Flag QuizTests */,
				F1DA8D4B296DBA8800BF3F1C /* Country Flag QuizUITests */,
				F1DA8D2F296DBA8700BF3F1C /* Products */,
			);
			sourceTree = "<group>";
		};
		F1DA8D2F296DBA8700BF3F1C /* Products */ = {
			isa = PBXGroup;
			children = (
				F1DA8D2E296DBA8700BF3F1C /* Country Flag Quiz.app */,
				F1DA8D3E296DBA8800BF3F1C /* Country Flag QuizTests.xctest */,
				F1DA8D48296DBA8800BF3F1C /* Country Flag QuizUITests.xctest */,
			);
			name = Products;
			sourceTree = "<group>";
		};
		F1DA8D30296DBA8700BF3F1C /* Country Flag Quiz */ = {
			isa = PBXGroup;
			children = (
				F1DA8D35296DBA8800BF3F1C /* Assets.xcassets */,
				F1DA8D5B296DBAAD00BF3F1C /* Models */,
				F1DA8D5C296DBAB300BF3F1C /* Components */,
				F1DA8D5D296DBAD900BF3F1C /* Views */,
				F1DA8D31296DBA8700BF3F1C /* Country_Flag_QuizApp.swift */,
				F1DA8D33296DBA8700BF3F1C /* ContentView.swift */,
				F1DA8D37296DBA8800BF3F1C /* Preview Content */,
			);
			path = "Country Flag Quiz";
			sourceTree = "<group>";
		};
		F1DA8D37296DBA8800BF3F1C /* Preview Content */ = {
			isa = PBXGroup;
			children = (
				F1DA8D38296DBA8800BF3F1C /* Preview Assets.xcassets */,
			);
			path = "Preview Content";
			sourceTree = "<group>";
		};
		F1DA8D41296DBA8800BF3F1C /* Country Flag QuizTests */ = {
			isa = PBXGroup;
			children = (
				F1DA8D42296DBA8800BF3F1C /* Country_Flag_QuizTests.swift */,
			);
			path = "Country Flag QuizTests";
			sourceTree = "<group>";
		};
		F1DA8D4B296DBA8800BF3F1C /* Country Flag QuizUITests */ = {
			isa = PBXGroup;
			children = (
				F1DA8D4C296DBA8800BF3F1C /* Country_Flag_QuizUITests.swift */,
				F1DA8D4E296DBA8800BF3F1C /* Country_Flag_QuizUITestsLaunchTests.swift */,
			);
			path = "Country Flag QuizUITests";
			sourceTree = "<group>";
		};
		F1DA8D5B296DBAAD00BF3F1C /* Models */ = {
			isa = PBXGroup;
			children = (
				F1DA8D5E296DBB4600BF3F1C /* Question.swift */,
			);
			path = Models;
			sourceTree = "<group>";
		};
		F1DA8D5C296DBAB300BF3F1C /* Components */ = {
			isa = PBXGroup;
			children = (
				F1DA8D60296DBBCC00BF3F1C /* CustomButton.swift */,
				F1DA8D62296DBCE900BF3F1C /* ProgressBar.swift */,
				F1DA8D64296DBDA600BF3F1C /* AnswerRow.swift */,
			);
			path = Components;
			sourceTree = "<group>";
		};
		F1DA8D5D296DBAD900BF3F1C /* Views */ = {
			isa = PBXGroup;
			children = (
				F1DA8D66296DC06A00BF3F1C /* QuestionView.swift */,
			);
			path = Views;
			sourceTree = "<group>";
		};
/* End PBXGroup section */

/* Begin PBXNativeTarget section */
		F1DA8D2D296DBA8700BF3F1C /* Country Flag Quiz */ = {
			isa = PBXNativeTarget;
			buildConfigurationList = F1DA8D52296DBA8800BF3F1C /* Build configuration list for PBXNativeTarget "Country Flag Quiz" */;
			buildPhases = (
				F1DA8D2A296DBA8700BF3F1C /* Sources */,
				F1DA8D2B296DBA8700BF3F1C /* Frameworks */,
				F1DA8D2C296DBA8700BF3F1C /* Resources */,
			);
			buildRules = (
			);
			dependencies = (
			);
			name = "Country Flag Quiz";
			productName = "Country Flag Quiz";
			productReference = F1DA8D2E296DBA8700BF3F1C /* Country Flag Quiz.app */;
			productType = "com.apple.product-type.application";
		};
		F1DA8D3D296DBA8800BF3F1C /* Country Flag QuizTests */ = {
			isa = PBXNativeTarget;
			buildConfigurationList = F1DA8D55296DBA8800BF3F1C /* Build configuration list for PBXNativeTarget "Country Flag QuizTests" */;
			buildPhases = (
				F1DA8D3A296DBA8800BF3F1C /* Sources */,
				F1DA8D3B296DBA8800BF3F1C /* Frameworks */,
				F1DA8D3C296DBA8800BF3F1C /* Resources */,
			);
			buildRules = (
			);
			dependencies = (
				F1DA8D40296DBA8800BF3F1C /* PBXTargetDependency */,
			);
			name = "Country Flag QuizTests";
			productName = "Country Flag QuizTests";
			productReference = F1DA8D3E296DBA8800BF3F1C /* Country Flag QuizTests.xctest */;
			productType = "com.apple.product-type.bundle.unit-test";
		};
		F1DA8D47296DBA8800BF3F1C /* Country Flag QuizUITests */ = {
			isa = PBXNativeTarget;
			buildConfigurationList = F1DA8D58296DBA8800BF3F1C /* Build configuration list for PBXNativeTarget "Country Flag QuizUITests" */;
			buildPhases = (
				F1DA8D44296DBA8800BF3F1C /* Sources */,
				F1DA8D45296DBA8800BF3F1C /* Frameworks */,
				F1DA8D46296DBA8800BF3F1C /* Resources */,
			);
			buildRules = (
			);
			dependencies = (
				F1DA8D4A296DBA8800BF3F1C /* PBXTargetDependency */,
			);
			name = "Country Flag QuizUITests";
			productName = "Country Flag QuizUITests";
			productReference = F1DA8D48296DBA8800BF3F1C /* Country Flag QuizUITests.xctest */;
			productType = "com.apple.product-type.bundle.ui-testing";
		};
/* End PBXNativeTarget section */

/* Begin PBXProject section */
		F1DA8D26296DBA8700BF3F1C /* Project object */ = {
			isa = PBXProject;
			attributes = {
				BuildIndependentTargetsInParallel = 1;
				LastSwiftUpdateCheck = 1400;
				LastUpgradeCheck = 1400;
				TargetAttributes = {
					F1DA8D2D296DBA8700BF3F1C = {
						CreatedOnToolsVersion = 14.0;
					};
					F1DA8D3D296DBA8800BF3F1C = {
						CreatedOnToolsVersion = 14.0;
						TestTargetID = F1DA8D2D296DBA8700BF3F1C;
					};
					F1DA8D47296DBA8800BF3F1C = {
						CreatedOnToolsVersion = 14.0;
						TestTargetID = F1DA8D2D296DBA8700BF3F1C;
					};
				};
			};
			buildConfigurationList = F1DA8D29296DBA8700BF3F1C /* Build configuration list for PBXProject "Country Flag Quiz" */;
			compatibilityVersion = "Xcode 14.0";
			developmentRegion = en;
			hasScannedForEncodings = 0;
			knownRegions = (
				en,
				Base,
			);
			mainGroup = F1DA8D25296DBA8700BF3F1C;
			productRefGroup = F1DA8D2F296DBA8700BF3F1C /* Products */;
			projectDirPath = "";
			projectRoot = "";
			targets = (
				F1DA8D2D296DBA8700BF3F1C /* Country Flag Quiz */,
				F1DA8D3D296DBA8800BF3F1C /* Country Flag QuizTests */,
				F1DA8D47296DBA8800BF3F1C /* Country Flag QuizUITests */,
			);
		};
/* End PBXProject section */

/* Begin PBXResourcesBuildPhase section */
		F1DA8D2C296DBA8700BF3F1C /* Resources */ = {
			isa = PBXResourcesBuildPhase;
			buildActionMask = 2147483647;
			files = (
				F1DA8D39296DBA8800BF3F1C /* Preview Assets.xcassets in Resources */,
				F1DA8D36296DBA8800BF3F1C /* Assets.xcassets in Resources */,
			);
			runOnlyForDeploymentPostprocessing = 0;
		};
		F1DA8D3C296DBA8800BF3F1C /* Resources */ = {
			isa = PBXResourcesBuildPhase;
			buildActionMask = 2147483647;
			files = (
			);
			runOnlyForDeploymentPostprocessing = 0;
		};
		F1DA8D46296DBA8800BF3F1C /* Resources */ = {
			isa = PBXResourcesBuildPhase;
			buildActionMask = 2147483647;
			files = (
			);
			runOnlyForDeploymentPostprocessing = 0;
		};
/* End PBXResourcesBuildPhase section */

/* Begin PBXSourcesBuildPhase section */
		F1DA8D2A296DBA8700BF3F1C /* Sources */ = {
			isa = PBXSourcesBuildPhase;
			buildActionMask = 2147483647;
			files = (
				F1DA8D61296DBBCC00BF3F1C /* CustomButton.swift in Sources */,
				F1DA8D5F296DBB4600BF3F1C /* Question.swift in Sources */,
				F1DA8D34296DBA8700BF3F1C /* ContentView.swift in Sources */,
				F1DA8D67296DC06A00BF3F1C /* QuestionView.swift in Sources */,
				F1DA8D63296DBCE900BF3F1C /* ProgressBar.swift in Sources */,
				F1DA8D65296DBDA600BF3F1C /* AnswerRow.swift in Sources */,
				F1DA8D32296DBA8700BF3F1C /* Country_Flag_QuizApp.swift in Sources */,
			);
			runOnlyForDeploymentPostprocessing = 0;
		};
		F1DA8D3A296DBA8800BF3F1C /* Sources */ = {
			isa = PBXSourcesBuildPhase;
			buildActionMask = 2147483647;
			files = (
				F1DA8D43296DBA8800BF3F1C /* Country_Flag_QuizTests.swift in Sources */,
			);
			runOnlyForDeploymentPostprocessing = 0;
		};
		F1DA8D44296DBA8800BF3F1C /* Sources */ = {
			isa = PBXSourcesBuildPhase;
			buildActionMask = 2147483647;
			files = (
				F1DA8D4F296DBA8800BF3F1C /* Country_Flag_QuizUITestsLaunchTests.swift in Sources */,
				F1DA8D4D296DBA8800BF3F1C /* Country_Flag_QuizUITests.swift in Sources */,
			);
			runOnlyForDeploymentPostprocessing = 0;
		};
/* End PBXSourcesBuildPhase section */

/* Begin PBXTargetDependency section */
		F1DA8D40296DBA8800BF3F1C /* PBXTargetDependency */ = {
			isa = PBXTargetDependency;
			target = F1DA8D2D296DBA8700BF3F1C /* Country Flag Quiz */;
			targetProxy = F1DA8D3F296DBA8800BF3F1C /* PBXContainerItemProxy */;
		};
		F1DA8D4A296DBA8800BF3F1C /* PBXTargetDependency */ = {
			isa = PBXTargetDependency;
			target = F1DA8D2D296DBA8700BF3F1C /* Country Flag Quiz */;
			targetProxy = F1DA8D49296DBA8800BF3F1C /* PBXContainerItemProxy */;
		};
/* End PBXTargetDependency section */

/* Begin XCBuildConfiguration section */
		F1DA8D50296DBA8800BF3F1C /* Debug */ = {
			isa = XCBuildConfiguration;
			buildSettings = {
				ALWAYS_SEARCH_USER_PATHS = NO;
				CLANG_ANALYZER_NONNULL = YES;
				CLANG_ANALYZER_NUMBER_OBJECT_CONVERSION = YES_AGGRESSIVE;
				CLANG_CXX_LANGUAGE_STANDARD = "gnu++20";
				CLANG_ENABLE_MODULES = YES;
				CLANG_ENABLE_OBJC_ARC = YES;
				CLANG_ENABLE_OBJC_WEAK = YES;
				CLANG_WARN_BLOCK_CAPTURE_AUTORELEASING = YES;
				CLANG_WARN_BOOL_CONVERSION = YES;
				CLANG_WARN_COMMA = YES;
				CLANG_WARN_CONSTANT_CONVERSION = YES;
				CLANG_WARN_DEPRECATED_OBJC_IMPLEMENTATIONS = YES;
				CLANG_WARN_DIRECT_OBJC_ISA_USAGE = YES_ERROR;
				CLANG_WARN_DOCUMENTATION_COMMENTS = YES;
				CLANG_WARN_EMPTY_BODY = YES;
				CLANG_WARN_ENUM_CONVERSION = YES;
				CLANG_WARN_INFINITE_RECURSION = YES;
				CLANG_WARN_INT_CONVERSION = YES;
				CLANG_WARN_NON_LITERAL_NULL_CONVERSION = YES;
				CLANG_WARN_OBJC_IMPLICIT_RETAIN_SELF = YES;
				CLANG_WARN_OBJC_LITERAL_CONVERSION = YES;
				CLANG_WARN_OBJC_ROOT_CLASS = YES_ERROR;
				CLANG_WARN_QUOTED_INCLUDE_IN_FRAMEWORK_HEADER = YES;
				CLANG_WARN_RANGE_LOOP_ANALYSIS = YES;
				CLANG_WARN_STRICT_PROTOTYPES = YES;
				CLANG_WARN_SUSPICIOUS_MOVE = YES;
				CLANG_WARN_UNGUARDED_AVAILABILITY = YES_AGGRESSIVE;
				CLANG_WARN_UNREACHABLE_CODE = YES;
				CLANG_WARN__DUPLICATE_METHOD_MATCH = YES;
				COPY_PHASE_STRIP = NO;
				DEBUG_INFORMATION_FORMAT = dwarf;
				ENABLE_STRICT_OBJC_MSGSEND = YES;
				ENABLE_TESTABILITY = YES;
				GCC_C_LANGUAGE_STANDARD = gnu11;
				GCC_DYNAMIC_NO_PIC = NO;
				GCC_NO_COMMON_BLOCKS = YES;
				GCC_OPTIMIZATION_LEVEL = 0;
				GCC_PREPROCESSOR_DEFINITIONS = (
					"DEBUG=1",
					"$(inherited)",
				);
				GCC_WARN_64_TO_32_BIT_CONVERSION = YES;
				GCC_WARN_ABOUT_RETURN_TYPE = YES_ERROR;
				GCC_WARN_UNDECLARED_SELECTOR = YES;
				GCC_WARN_UNINITIALIZED_AUTOS = YES_AGGRESSIVE;
				GCC_WARN_UNUSED_FUNCTION = YES;
				GCC_WARN_UNUSED_VARIABLE = YES;
				IPHONEOS_DEPLOYMENT_TARGET = 16.0;
				MTL_ENABLE_DEBUG_INFO = INCLUDE_SOURCE;
				MTL_FAST_MATH = YES;
				ONLY_ACTIVE_ARCH = YES;
				SDKROOT = iphoneos;
				SWIFT_ACTIVE_COMPILATION_CONDITIONS = DEBUG;
				SWIFT_OPTIMIZATION_LEVEL = "-Onone";
			};
			name = Debug;
		};
		F1DA8D51296DBA8800BF3F1C /* Release */ = {
			isa = XCBuildConfiguration;
			buildSettings = {
				ALWAYS_SEARCH_USER_PATHS = NO;
				CLANG_ANALYZER_NONNULL = YES;
				CLANG_ANALYZER_NUMBER_OBJECT_CONVERSION = YES_AGGRESSIVE;
				CLANG_CXX_LANGUAGE_STANDARD = "gnu++20";
				CLANG_ENABLE_MODULES = YES;
				CLANG_ENABLE_OBJC_ARC = YES;
				CLANG_ENABLE_OBJC_WEAK = YES;
				CLANG_WARN_BLOCK_CAPTURE_AUTORELEASING = YES;
				CLANG_WARN_BOOL_CONVERSION = YES;
				CLANG_WARN_COMMA = YES;
				CLANG_WARN_CONSTANT_CONVERSION = YES;
				CLANG_WARN_DEPRECATED_OBJC_IMPLEMENTATIONS = YES;
				CLANG_WARN_DIRECT_OBJC_ISA_USAGE = YES_ERROR;
				CLANG_WARN_DOCUMENTATION_COMMENTS = YES;
				CLANG_WARN_EMPTY_BODY = YES;
				CLANG_WARN_ENUM_CONVERSION = YES;
				CLANG_WARN_INFINITE_RECURSION = YES;
				CLANG_WARN_INT_CONVERSION = YES;
				CLANG_WARN_NON_LITERAL_NULL_CONVERSION = YES;
				CLANG_WARN_OBJC_IMPLICIT_RETAIN_SELF = YES;
				CLANG_WARN_OBJC_LITERAL_CONVERSION = YES;
				CLANG_WARN_OBJC_ROOT_CLASS = YES_ERROR;
				CLANG_WARN_QUOTED_INCLUDE_IN_FRAMEWORK_HEADER = YES;
				CLANG_WARN_RANGE_LOOP_ANALYSIS = YES;
				CLANG_WARN_STRICT_PROTOTYPES = YES;
				CLANG_WARN_SUSPICIOUS_MOVE = YES;
				CLANG_WARN_UNGUARDED_AVAILABILITY = YES_AGGRESSIVE;
				CLANG_WARN_UNREACHABLE_CODE = YES;
				CLANG_WARN__DUPLICATE_METHOD_MATCH = YES;
				COPY_PHASE_STRIP = NO;
				DEBUG_INFORMATION_FORMAT = "dwarf-with-dsym";
				ENABLE_NS_ASSERTIONS = NO;
				ENABLE_STRICT_OBJC_MSGSEND = YES;
				GCC_C_LANGUAGE_STANDARD = gnu11;
				GCC_NO_COMMON_BLOCKS = YES;
				GCC_WARN_64_TO_32_BIT_CONVERSION = YES;
				GCC_WARN_ABOUT_RETURN_TYPE = YES_ERROR;
				GCC_WARN_UNDECLARED_SELECTOR = YES;
				GCC_WARN_UNINITIALIZED_AUTOS = YES_AGGRESSIVE;
				GCC_WARN_UNUSED_FUNCTION = YES;
				GCC_WARN_UNUSED_VARIABLE = YES;
				IPHONEOS_DEPLOYMENT_TARGET = 16.0;
				MTL_ENABLE_DEBUG_INFO = NO;
				MTL_FAST_MATH = YES;
				SDKROOT = iphoneos;
				SWIFT_COMPILATION_MODE = wholemodule;
				SWIFT_OPTIMIZATION_LEVEL = "-O";
				VALIDATE_PRODUCT = YES;
			};
			name = Release;
		};
		F1DA8D53296DBA8800BF3F1C /* Debug */ = {
			isa = XCBuildConfiguration;
			buildSettings = {
				ASSETCATALOG_COMPILER_APPICON_NAME = AppIcon;
				ASSETCATALOG_COMPILER_GLOBAL_ACCENT_COLOR_NAME = AccentColor;
				CODE_SIGN_STYLE = Automatic;
				CURRENT_PROJECT_VERSION = 1;
				DEVELOPMENT_ASSET_PATHS = "\"Country Flag Quiz/Preview Content\"";
				DEVELOPMENT_TEAM = W3GN63M436;
				ENABLE_PREVIEWS = YES;
				GENERATE_INFOPLIST_FILE = YES;
				INFOPLIST_KEY_UIApplicationSceneManifest_Generation = YES;
				INFOPLIST_KEY_UIApplicationSupportsIndirectInputEvents = YES;
				INFOPLIST_KEY_UILaunchScreen_Generation = YES;
				INFOPLIST_KEY_UISupportedInterfaceOrientations_iPad = "UIInterfaceOrientationPortrait UIInterfaceOrientationPortraitUpsideDown UIInterfaceOrientationLandscapeLeft UIInterfaceOrientationLandscapeRight";
				INFOPLIST_KEY_UISupportedInterfaceOrientations_iPhone = "UIInterfaceOrientationPortrait UIInterfaceOrientationLandscapeLeft UIInterfaceOrientationLandscapeRight";
				LD_RUNPATH_SEARCH_PATHS = (
					"$(inherited)",
					"@executable_path/Frameworks",
				);
				MARKETING_VERSION = 1.0;
				PRODUCT_BUNDLE_IDENTIFIER = "MobileApps.Country-Flag-Quiz";
				PRODUCT_NAME = "$(TARGET_NAME)";
				SWIFT_EMIT_LOC_STRINGS = YES;
				SWIFT_VERSION = 5.0;
				TARGETED_DEVICE_FAMILY = "1,2";
			};
			name = Debug;
		};
		F1DA8D54296DBA8800BF3F1C /* Release */ = {
			isa = XCBuildConfiguration;
			buildSettings = {
				ASSETCATALOG_COMPILER_APPICON_NAME = AppIcon;
				ASSETCATALOG_COMPILER_GLOBAL_ACCENT_COLOR_NAME = AccentColor;
				CODE_SIGN_STYLE = Automatic;
				CURRENT_PROJECT_VERSION = 1;
				DEVELOPMENT_ASSET_PATHS = "\"Country Flag Quiz/Preview Content\"";
				DEVELOPMENT_TEAM = W3GN63M436;
				ENABLE_PREVIEWS = YES;
				GENERATE_INFOPLIST_FILE = YES;
				INFOPLIST_KEY_UIApplicationSceneManifest_Generation = YES;
				INFOPLIST_KEY_UIApplicationSupportsIndirectInputEvents = YES;
				INFOPLIST_KEY_UILaunchScreen_Generation = YES;
				INFOPLIST_KEY_UISupportedInterfaceOrientations_iPad = "UIInterfaceOrientationPortrait UIInterfaceOrientationPortraitUpsideDown UIInterfaceOrientationLandscapeLeft UIInterfaceOrientationLandscapeRight";
				INFOPLIST_KEY_UISupportedInterfaceOrientations_iPhone = "UIInterfaceOrientationPortrait UIInterfaceOrientationLandscapeLeft UIInterfaceOrientationLandscapeRight";
				LD_RUNPATH_SEARCH_PATHS = (
					"$(inherited)",
					"@executable_path/Frameworks",
				);
				MARKETING_VERSION = 1.0;
				PRODUCT_BUNDLE_IDENTIFIER = "MobileApps.Country-Flag-Quiz";
				PRODUCT_NAME = "$(TARGET_NAME)";
				SWIFT_EMIT_LOC_STRINGS = YES;
				SWIFT_VERSION = 5.0;
				TARGETED_DEVICE_FAMILY = "1,2";
			};
			name = Release;
		};
		F1DA8D56296DBA8800BF3F1C /* Debug */ = {
			isa = XCBuildConfiguration;
			buildSettings = {
				ALWAYS_EMBED_SWIFT_STANDARD_LIBRARIES = YES;
				BUNDLE_LOADER = "$(TEST_HOST)";
				CODE_SIGN_STYLE = Automatic;
				CURRENT_PROJECT_VERSION = 1;
				DEVELOPMENT_TEAM = W3GN63M436;
				GENERATE_INFOPLIST_FILE = YES;
				IPHONEOS_DEPLOYMENT_TARGET = 16.0;
				MARKETING_VERSION = 1.0;
				PRODUCT_BUNDLE_IDENTIFIER = "MobileApps.Country-Flag-QuizTests";
				PRODUCT_NAME = "$(TARGET_NAME)";
				SWIFT_EMIT_LOC_STRINGS = NO;
				SWIFT_VERSION = 5.0;
				TARGETED_DEVICE_FAMILY = "1,2";
				TEST_HOST = "$(BUILT_PRODUCTS_DIR)/Country Flag Quiz.app/$(BUNDLE_EXECUTABLE_FOLDER_PATH)/Country Flag Quiz";
			};
			name = Debug;
		};
		F1DA8D57296DBA8800BF3F1C /* Release */ = {
			isa = XCBuildConfiguration;
			buildSettings = {
				ALWAYS_EMBED_SWIFT_STANDARD_LIBRARIES = YES;
				BUNDLE_LOADER = "$(TEST_HOST)";
				CODE_SIGN_STYLE = Automatic;
				CURRENT_PROJECT_VERSION = 1;
				DEVELOPMENT_TEAM = W3GN63M436;
				GENERATE_INFOPLIST_FILE = YES;
				IPHONEOS_DEPLOYMENT_TARGET = 16.0;
				MARKETING_VERSION = 1.0;
				PRODUCT_BUNDLE_IDENTIFIER = "MobileApps.Country-Flag-QuizTests";
				PRODUCT_NAME = "$(TARGET_NAME)";
				SWIFT_EMIT_LOC_STRINGS = NO;
				SWIFT_VERSION = 5.0;
				TARGETED_DEVICE_FAMILY = "1,2";
				TEST_HOST = "$(BUILT_PRODUCTS_DIR)/Country Flag Quiz.app/$(BUNDLE_EXECUTABLE_FOLDER_PATH)/Country Flag Quiz";
			};
			name = Release;
		};
		F1DA8D59296DBA8800BF3F1C /* Debug */ = {
			isa = XCBuildConfiguration;
			buildSettings = {
				ALWAYS_EMBED_SWIFT_STANDARD_LIBRARIES = YES;
				CODE_SIGN_STYLE = Automatic;
				CURRENT_PROJECT_VERSION = 1;
				DEVELOPMENT_TEAM = W3GN63M436;
				GENERATE_INFOPLIST_FILE = YES;
				MARKETING_VERSION = 1.0;
				PRODUCT_BUNDLE_IDENTIFIER = "MobileApps.Country-Flag-QuizUITests";
				PRODUCT_NAME = "$(TARGET_NAME)";
				SWIFT_EMIT_LOC_STRINGS = NO;
				SWIFT_VERSION = 5.0;
				TARGETED_DEVICE_FAMILY = "1,2";
				TEST_TARGET_NAME = "Country Flag Quiz";
			};
			name = Debug;
		};
		F1DA8D5A296DBA8800BF3F1C /* Release */ = {
			isa = XCBuildConfiguration;
			buildSettings = {
				ALWAYS_EMBED_SWIFT_STANDARD_LIBRARIES = YES;
				CODE_SIGN_STYLE = Automatic;
				CURRENT_PROJECT_VERSION = 1;
				DEVELOPMENT_TEAM = W3GN63M436;
				GENERATE_INFOPLIST_FILE = YES;
				MARKETING_VERSION = 1.0;
				PRODUCT_BUNDLE_IDENTIFIER = "MobileApps.Country-Flag-QuizUITests";
				PRODUCT_NAME = "$(TARGET_NAME)";
				SWIFT_EMIT_LOC_STRINGS = NO;
				SWIFT_VERSION = 5.0;
				TARGETED_DEVICE_FAMILY = "1,2";
				TEST_TARGET_NAME = "Country Flag Quiz";
			};
			name = Release;
		};
/* End XCBuildConfiguration section */

/* Begin XCConfigurationList section */
		F1DA8D29296DBA8700BF3F1C /* Build configuration list for PBXProject "Country Flag Quiz" */ = {
			isa = XCConfigurationList;
			buildConfigurations = (
				F1DA8D50296DBA8800BF3F1C /* Debug */,
				F1DA8D51296DBA8800BF3F1C /* Release */,
			);
			defaultConfigurationIsVisible = 0;
			defaultConfigurationName = Release;
		};
		F1DA8D52296DBA8800BF3F1C /* Build configuration list for PBXNativeTarget "Country Flag Quiz" */ = {
			isa = XCConfigurationList;
			buildConfigurations = (
				F1DA8D53296DBA8800BF3F1C /* Debug */,
				F1DA8D54296DBA8800BF3F1C /* Release */,
			);
			defaultConfigurationIsVisible = 0;
			defaultConfigurationName = Release;
		};
		F1DA8D55296DBA8800BF3F1C /* Build configuration list for PBXNativeTarget "Country Flag QuizTests" */ = {
			isa = XCConfigurationList;
			buildConfigurations = (
				F1DA8D56296DBA8800BF3F1C /* Debug */,
				F1DA8D57296DBA8800BF3F1C /* Release */,
			);
			defaultConfigurationIsVisible = 0;
			defaultConfigurationName = Release;
		};
		F1DA8D58296DBA8800BF3F1C /* Build configuration list for PBXNativeTarget "Country Flag QuizUITests" */ = {
			isa = XCConfigurationList;
			buildConfigurations = (
				F1DA8D59296DBA8800BF3F1C /* Debug */,
				F1DA8D5A296DBA8800BF3F1C /* Release */,
			);
			defaultConfigurationIsVisible = 0;
			defaultConfigurationName = Release;
		};
/* End XCConfigurationList section */
	};
	rootObject = F1DA8D26296DBA8700BF3F1C /* Project object */;
}
